PODS:
  - AFNetworking (4.0.1):
    - AFNetworking/NSURLSession (= 4.0.1)
    - AFNetworking/Reachability (= 4.0.1)
    - AFNetworking/Security (= 4.0.1)
    - AFNetworking/Serialization (= 4.0.1)
    - AFNetworking/UIKit (= 4.0.1)
  - AFNetworking/NSURLSession (4.0.1):
    - AFNetworking/Reachability
    - AFNetworking/Security
    - AFNetworking/Serialization
  - AFNetworking/Reachability (4.0.1)
  - AFNetworking/Security (4.0.1)
  - AFNetworking/Serialization (4.0.1)
  - AFNetworking/UIKit (4.0.1):
    - AFNetworking/NSURLSession
  - CropViewController (2.7.4)
  - Flutter (1.0.0)
  - hl_image_picker_ios (1.2.3):
    - CropViewController
    - Flutter
    - TLPhotoPicker
  - image_pickers (0.0.1):
    - AFNetworking
    - Flutter
    - SDWebImage
    - ZLPhotoBrowser (= 4.5.1)
  - path_provider_foundation (0.0.1):
    - Flutter
    - FlutterMacOS
  - SDWebImage (5.20.0):
    - SDWebImage/Core (= 5.20.0)
  - SDWebImage/Core (5.20.0)
  - TLPhotoPicker (2.1.10)
  - ZLPhotoBrowser (4.5.1):
    - ZLPhotoBrowser/Core (= 4.5.1)
  - ZLPhotoBrowser/Core (4.5.1)

DEPENDENCIES:
  - Flutter (from `Flutter`)
  - hl_image_picker_ios (from `.symlinks/plugins/hl_image_picker_ios/ios`)
  - image_pickers (from `.symlinks/plugins/image_pickers/ios`)
  - path_provider_foundation (from `.symlinks/plugins/path_provider_foundation/darwin`)

SPEC REPOS:
  trunk:
    - AFNetworking
    - CropViewController
    - SDWebImage
    - TLPhotoPicker
    - ZLPhotoBrowser

EXTERNAL SOURCES:
  Flutter:
    :path: Flutter
  hl_image_picker_ios:
    :path: ".symlinks/plugins/hl_image_picker_ios/ios"
  image_pickers:
    :path: ".symlinks/plugins/image_pickers/ios"
  path_provider_foundation:
    :path: ".symlinks/plugins/path_provider_foundation/darwin"

SPEC CHECKSUMS:
  AFNetworking: 3bd23d814e976cd148d7d44c3ab78017b744cd58
  CropViewController: 3489bbf95a3e11c654382b0bae08ac645cdf1b93
  Flutter: e0871f40cf51350855a761d2e70bf5af5b9b5de7
  hl_image_picker_ios: 623197af4060683f65de04abfaf260814c379b50
  image_pickers: a858cf21bbaa237f167ff97bc395da59b62e41c2
  path_provider_foundation: 2b6b4c569c0fb62ec74538f866245ac84301af46
  SDWebImage: 73c6079366fea25fa4bb9640d5fb58f0893facd8
  TLPhotoPicker: 3cc143dfe64d5fcb9956dc4bba55a4082e1d8e75
  ZLPhotoBrowser: 4d859a9d6462ba055d817b2235278a7b74e69eff

PODFILE CHECKSUM: 1959d098c91d8a792531a723c4a9d7e9f6a01e38

COCOAPODS: 1.15.2
